
Microsoft Visual Studio Solution File, Format Version 12.00
# Visual Studio Version 16
VisualStudioVersion = 16.0.29123.88
MinimumVisualStudioVersion = 10.0.40219.1
Project("{FAE04EC0-301F-11D3-BF4B-00C04F79EFBC}") = "PdfGeneratorApi", "PdfGeneratorApi\PdfGeneratorApi.csproj", "{0997D88C-996D-42D0-BDED-A6100EC03EF5}"
EndProject
Global
	GlobalSection(SolutionConfigurationPlatforms) = preSolution
		Debug|Any CPU = Debug|Any CPU
		Release|Any CPU = Release|Any CPU
	EndGlobalSection
	GlobalSection(ProjectConfigurationPlatforms) = postSolution
		{0997D88C-996D-42D0-BDED-A6100EC03EF5}.Debug|Any CPU.ActiveCfg = Debug|Any CPU
		{0997D88C-996D-42D0-BDED-A6100EC03EF5}.Debug|Any CPU.Build.0 = Debug|Any CPU
		{0997D88C-996D-42D0-BDED-A6100EC03EF5}.Release|Any CPU.ActiveCfg = Release|Any CPU
		{0997D88C-996D-42D0-BDED-A6100EC03EF5}.Release|Any CPU.Build.0 = Release|Any CPU
	EndGlobalSection
	GlobalSection(SolutionProperties) = preSolution
		HideSolutionNode = FALSE
	EndGlobalSection
	GlobalSection(ExtensibilityGlobals) = postSolution
		SolutionGuid = {9D6F592F-DFBB-4F2F-A25C-3DACAD111A49}
	EndGlobalSection
EndGlobal
