
Microsoft Visual Studio Solution File, Format Version 12.00
# Visual Studio 15
VisualStudioVersion = 15.0.27004.2006
MinimumVisualStudioVersion = 10.0.40219.1
Project("{FAE04EC0-301F-11D3-BF4B-00C04F79EFBC}") = "LakerFileImporter", "LakerFileImporter\LakerFileImporter.csproj", "{F5665436-9220-4687-96C8-E83629D9FFB6}"
EndProject
Project("{54435603-DBB4-11D2-8724-00A0C9A8B90C}") = "LakerFileImporterInstaller", "LakerFileImporterInstaller\LakerFileImporterInstaller.vdproj", "{41767D8E-3D58-4B94-B904-91AD8E1A18AA}"
EndProject
Project("{FAE04EC0-301F-11D3-BF4B-00C04F79EFBC}") = "BridgeportClaims.SSH", "BridgeportClaims.SSH\BridgeportClaims.SSH.csproj", "{CF2ED7FE-1750-40C4-92A9-CA000589EC30}"
EndProject
Global
	GlobalSection(SolutionConfigurationPlatforms) = preSolution
		Debug|Any CPU = Debug|Any CPU
		Release|Any CPU = Release|Any CPU
	EndGlobalSection
	GlobalSection(ProjectConfigurationPlatforms) = postSolution
		{F5665436-9220-4687-96C8-E83629D9FFB6}.Debug|Any CPU.ActiveCfg = Debug|Any CPU
		{F5665436-9220-4687-96C8-E83629D9FFB6}.Debug|Any CPU.Build.0 = Debug|Any CPU
		{F5665436-9220-4687-96C8-E83629D9FFB6}.Release|Any CPU.ActiveCfg = Release|Any CPU
		{F5665436-9220-4687-96C8-E83629D9FFB6}.Release|Any CPU.Build.0 = Release|Any CPU
		{41767D8E-3D58-4B94-B904-91AD8E1A18AA}.Debug|Any CPU.ActiveCfg = Debug
		{41767D8E-3D58-4B94-B904-91AD8E1A18AA}.Release|Any CPU.ActiveCfg = Release
		{CF2ED7FE-1750-40C4-92A9-CA000589EC30}.Debug|Any CPU.ActiveCfg = Debug|Any CPU
		{CF2ED7FE-1750-40C4-92A9-CA000589EC30}.Debug|Any CPU.Build.0 = Debug|Any CPU
		{CF2ED7FE-1750-40C4-92A9-CA000589EC30}.Release|Any CPU.ActiveCfg = Release|Any CPU
		{CF2ED7FE-1750-40C4-92A9-CA000589EC30}.Release|Any CPU.Build.0 = Release|Any CPU
	EndGlobalSection
	GlobalSection(SolutionProperties) = preSolution
		HideSolutionNode = FALSE
	EndGlobalSection
	GlobalSection(ExtensibilityGlobals) = postSolution
		SolutionGuid = {D96AA511-921D-4ACA-8F4A-1E1035663EBD}
	EndGlobalSection
EndGlobal
