
Microsoft Visual Studio Solution File, Format Version 12.00
# Visual Studio 15
VisualStudioVersion = 15.0.28307.168
MinimumVisualStudioVersion = 10.0.40219.1
Project("{FAE04EC0-301F-11D3-BF4B-00C04F79EFBC}") = "BridgeportClaims.Web", "BridgeportClaims.Web\BridgeportClaims.Web.csproj", "{ADA98300-8B4C-4296-9ACB-87755A9374DD}"
EndProject
Project("{2150E333-8FDC-42A3-9474-1A3956D46DE8}") = "Utilities", "Utilities", "{34046CDA-AD69-4926-BF93-7E89E7EF8E53}"
EndProject
Project("{FAE04EC0-301F-11D3-BF4B-00C04F79EFBC}") = "BridgeportClaims.Excel", "Utilities\BridgeportClaims.Excel\BridgeportClaims.Excel.csproj", "{1B60DBC3-9968-4FAD-B963-3CF751F352F9}"
EndProject
Project("{FAE04EC0-301F-11D3-BF4B-00C04F79EFBC}") = "BridgeportClaims.Pdf", "Utilities\BridgeportClaims.Pdf\BridgeportClaims.Pdf.csproj", "{A63F16EA-74FA-44E4-9CC0-4E64CFA93FB7}"
EndProject
Project("{FAE04EC0-301F-11D3-BF4B-00C04F79EFBC}") = "BridgeportClaims.Word", "Utilities\BridgeportClaims.Word\BridgeportClaims.Word.csproj", "{F76DA262-96C0-4DCB-9866-5BF08D641E1C}"
EndProject
Project("{2150E333-8FDC-42A3-9474-1A3956D46DE8}") = "DAL", "DAL", "{CE5A3B7D-50FF-40B7-966B-152101A71DEE}"
EndProject
Project("{FAE04EC0-301F-11D3-BF4B-00C04F79EFBC}") = "BridgeportClaims.Data", "DAL\BridgeportClaims.Data\BridgeportClaims.Data.csproj", "{4AE70900-96E7-460C-BC52-F661042997D8}"
EndProject
Project("{2150E333-8FDC-42A3-9474-1A3956D46DE8}") = "Core", "Core", "{DA66FCA7-CE3D-4C09-998D-FAA86C559AEE}"
EndProject
Project("{FAE04EC0-301F-11D3-BF4B-00C04F79EFBC}") = "BridgeportClaims.Common", "Core\BridgeportClaims.Common\BridgeportClaims.Common.csproj", "{477129B1-1906-4897-AB87-9601880D9940}"
EndProject
Project("{2150E333-8FDC-42A3-9474-1A3956D46DE8}") = "Tests", "Tests", "{C71750C7-D037-4252-839B-0AA6E424C46F}"
EndProject
Project("{FAE04EC0-301F-11D3-BF4B-00C04F79EFBC}") = "BridgeportClaims.Tests", "Tests\BridgeportClaims.Tests\BridgeportClaims.Tests.csproj", "{E9B0195E-34C6-4C58-AB3E-A61EB2E70FD0}"
EndProject
Project("{FAE04EC0-301F-11D3-BF4B-00C04F79EFBC}") = "BridgeportClaims.Web.Framework", "BridgeportClaims.Web.Framework\BridgeportClaims.Web.Framework.csproj", "{753B8467-6BF9-4D3F-9A00-55808E3C68C3}"
EndProject
Project("{FAE04EC0-301F-11D3-BF4B-00C04F79EFBC}") = "BridgeportClaims.Business", "Core\BridgeportClaims.Business\BridgeportClaims.Business.csproj", "{827D2571-996B-4B37-9DF1-22B0BC8E6B06}"
EndProject
Project("{FAE04EC0-301F-11D3-BF4B-00C04F79EFBC}") = "BridgeportClaims.CsvReader", "BridgeportClaims.CsvReader\BridgeportClaims.CsvReader.csproj", "{BB5EF9B0-17BC-4F9C-B7C4-065A447CA2FB}"
EndProject
Global
	GlobalSection(SolutionConfigurationPlatforms) = preSolution
		Debug|Any CPU = Debug|Any CPU
		Release|Any CPU = Release|Any CPU
	EndGlobalSection
	GlobalSection(ProjectConfigurationPlatforms) = postSolution
		{ADA98300-8B4C-4296-9ACB-87755A9374DD}.Debug|Any CPU.ActiveCfg = Debug|Any CPU
		{ADA98300-8B4C-4296-9ACB-87755A9374DD}.Debug|Any CPU.Build.0 = Debug|Any CPU
		{ADA98300-8B4C-4296-9ACB-87755A9374DD}.Release|Any CPU.ActiveCfg = Release|Any CPU
		{ADA98300-8B4C-4296-9ACB-87755A9374DD}.Release|Any CPU.Build.0 = Release|Any CPU
		{1B60DBC3-9968-4FAD-B963-3CF751F352F9}.Debug|Any CPU.ActiveCfg = Debug|Any CPU
		{1B60DBC3-9968-4FAD-B963-3CF751F352F9}.Debug|Any CPU.Build.0 = Debug|Any CPU
		{1B60DBC3-9968-4FAD-B963-3CF751F352F9}.Release|Any CPU.ActiveCfg = Release|Any CPU
		{1B60DBC3-9968-4FAD-B963-3CF751F352F9}.Release|Any CPU.Build.0 = Release|Any CPU
		{A63F16EA-74FA-44E4-9CC0-4E64CFA93FB7}.Debug|Any CPU.ActiveCfg = Debug|Any CPU
		{A63F16EA-74FA-44E4-9CC0-4E64CFA93FB7}.Debug|Any CPU.Build.0 = Debug|Any CPU
		{A63F16EA-74FA-44E4-9CC0-4E64CFA93FB7}.Release|Any CPU.ActiveCfg = Release|Any CPU
		{A63F16EA-74FA-44E4-9CC0-4E64CFA93FB7}.Release|Any CPU.Build.0 = Release|Any CPU
		{F76DA262-96C0-4DCB-9866-5BF08D641E1C}.Debug|Any CPU.ActiveCfg = Debug|Any CPU
		{F76DA262-96C0-4DCB-9866-5BF08D641E1C}.Debug|Any CPU.Build.0 = Debug|Any CPU
		{F76DA262-96C0-4DCB-9866-5BF08D641E1C}.Release|Any CPU.ActiveCfg = Release|Any CPU
		{F76DA262-96C0-4DCB-9866-5BF08D641E1C}.Release|Any CPU.Build.0 = Release|Any CPU
		{4AE70900-96E7-460C-BC52-F661042997D8}.Debug|Any CPU.ActiveCfg = Debug|Any CPU
		{4AE70900-96E7-460C-BC52-F661042997D8}.Debug|Any CPU.Build.0 = Debug|Any CPU
		{4AE70900-96E7-460C-BC52-F661042997D8}.Release|Any CPU.ActiveCfg = Release|Any CPU
		{4AE70900-96E7-460C-BC52-F661042997D8}.Release|Any CPU.Build.0 = Release|Any CPU
		{477129B1-1906-4897-AB87-9601880D9940}.Debug|Any CPU.ActiveCfg = Debug|Any CPU
		{477129B1-1906-4897-AB87-9601880D9940}.Debug|Any CPU.Build.0 = Debug|Any CPU
		{477129B1-1906-4897-AB87-9601880D9940}.Release|Any CPU.ActiveCfg = Release|Any CPU
		{477129B1-1906-4897-AB87-9601880D9940}.Release|Any CPU.Build.0 = Release|Any CPU
		{E9B0195E-34C6-4C58-AB3E-A61EB2E70FD0}.Debug|Any CPU.ActiveCfg = Debug|Any CPU
		{E9B0195E-34C6-4C58-AB3E-A61EB2E70FD0}.Debug|Any CPU.Build.0 = Debug|Any CPU
		{E9B0195E-34C6-4C58-AB3E-A61EB2E70FD0}.Release|Any CPU.ActiveCfg = Release|Any CPU
		{E9B0195E-34C6-4C58-AB3E-A61EB2E70FD0}.Release|Any CPU.Build.0 = Release|Any CPU
		{753B8467-6BF9-4D3F-9A00-55808E3C68C3}.Debug|Any CPU.ActiveCfg = Debug|Any CPU
		{753B8467-6BF9-4D3F-9A00-55808E3C68C3}.Debug|Any CPU.Build.0 = Debug|Any CPU
		{753B8467-6BF9-4D3F-9A00-55808E3C68C3}.Release|Any CPU.ActiveCfg = Release|Any CPU
		{753B8467-6BF9-4D3F-9A00-55808E3C68C3}.Release|Any CPU.Build.0 = Release|Any CPU
		{827D2571-996B-4B37-9DF1-22B0BC8E6B06}.Debug|Any CPU.ActiveCfg = Debug|Any CPU
		{827D2571-996B-4B37-9DF1-22B0BC8E6B06}.Debug|Any CPU.Build.0 = Debug|Any CPU
		{827D2571-996B-4B37-9DF1-22B0BC8E6B06}.Release|Any CPU.ActiveCfg = Release|Any CPU
		{827D2571-996B-4B37-9DF1-22B0BC8E6B06}.Release|Any CPU.Build.0 = Release|Any CPU
		{BB5EF9B0-17BC-4F9C-B7C4-065A447CA2FB}.Debug|Any CPU.ActiveCfg = Debug|Any CPU
		{BB5EF9B0-17BC-4F9C-B7C4-065A447CA2FB}.Debug|Any CPU.Build.0 = Debug|Any CPU
		{BB5EF9B0-17BC-4F9C-B7C4-065A447CA2FB}.Release|Any CPU.ActiveCfg = Release|Any CPU
		{BB5EF9B0-17BC-4F9C-B7C4-065A447CA2FB}.Release|Any CPU.Build.0 = Release|Any CPU
	EndGlobalSection
	GlobalSection(SolutionProperties) = preSolution
		HideSolutionNode = FALSE
	EndGlobalSection
	GlobalSection(NestedProjects) = preSolution
		{1B60DBC3-9968-4FAD-B963-3CF751F352F9} = {34046CDA-AD69-4926-BF93-7E89E7EF8E53}
		{A63F16EA-74FA-44E4-9CC0-4E64CFA93FB7} = {34046CDA-AD69-4926-BF93-7E89E7EF8E53}
		{F76DA262-96C0-4DCB-9866-5BF08D641E1C} = {34046CDA-AD69-4926-BF93-7E89E7EF8E53}
		{4AE70900-96E7-460C-BC52-F661042997D8} = {CE5A3B7D-50FF-40B7-966B-152101A71DEE}
		{477129B1-1906-4897-AB87-9601880D9940} = {DA66FCA7-CE3D-4C09-998D-FAA86C559AEE}
		{E9B0195E-34C6-4C58-AB3E-A61EB2E70FD0} = {C71750C7-D037-4252-839B-0AA6E424C46F}
		{827D2571-996B-4B37-9DF1-22B0BC8E6B06} = {DA66FCA7-CE3D-4C09-998D-FAA86C559AEE}
		{BB5EF9B0-17BC-4F9C-B7C4-065A447CA2FB} = {34046CDA-AD69-4926-BF93-7E89E7EF8E53}
	EndGlobalSection
	GlobalSection(ExtensibilityGlobals) = postSolution
		SolutionGuid = {8063A13C-FA3B-411C-B40E-395747FFA956}
	EndGlobalSection
EndGlobal
